# This file was autogenerated by Stack.
# You should not edit this file by hand.
# For more information, please see the documentation at:
#   https://docs.haskellstack.org/en/stable/lock_files

packages:
- completed:
    hackage: xmobar-0.37@sha256:42cfb68788901364a1b4ddfdc213106e18851dda2575420e532ee31c4cce4e51,12020
    pantry-tree:
      size: 6479
      sha256: b110f67f00fdb59cd2a1988937eda1934889c3ba71d03823011df48791175ee5
  original:
    hackage: xmobar-0.37@sha256:42cfb68788901364a1b4ddfdc213106e18851dda2575420e532ee31c4cce4e51,12020
snapshots:
- completed:
    size: 567037
    url: https://raw.githubusercontent.com/commercialhaskell/stackage-snapshots/master/lts/17/9.yaml
    sha256: d7d8d5106e53d1669964bd8bd2b0f88a5ad192d772f5376384b76738fd992311
  original:
    url: https://raw.githubusercontent.com/commercialhaskell/stackage-snapshots/master/lts/17/9.yaml
